
Microsoft Visual Studio Solution File, Format Version 12.00
# Visual Studio Version 16
VisualStudioVersion = 16.0.33529.622
MinimumVisualStudioVersion = 10.0.40219.1
Project("{FAE04EC0-301F-11D3-BF4B-00C04F79EFBC}") = "PhoneBook23", "PhoneBook23\PhoneBook23.csproj", "{13B48290-F406-4636-971F-009190533DF6}"
EndProject
Global
	GlobalSection(SolutionConfigurationPlatforms) = preSolution
		Debug|Any CPU = Debug|Any CPU
		Release|Any CPU = Release|Any CPU
	EndGlobalSection
	GlobalSection(ProjectConfigurationPlatforms) = postSolution
		{13B48290-F406-4636-971F-009190533DF6}.Debug|Any CPU.ActiveCfg = Debug|Any CPU
		{13B48290-F406-4636-971F-009190533DF6}.Debug|Any CPU.Build.0 = Debug|Any CPU
		{13B48290-F406-4636-971F-009190533DF6}.Release|Any CPU.ActiveCfg = Release|Any CPU
		{13B48290-F406-4636-971F-009190533DF6}.Release|Any CPU.Build.0 = Release|Any CPU
	EndGlobalSection
	GlobalSection(SolutionProperties) = preSolution
		HideSolutionNode = FALSE
	EndGlobalSection
	GlobalSection(ExtensibilityGlobals) = postSolution
		SolutionGuid = {B331F30A-6918-4394-B428-12AFC40EFA12}
	EndGlobalSection
EndGlobal
